// !$*UTF8*$!
{
	archiveVersion = 1;
	classes = {
	};
	objectVersion = 46;
	objects = {

/* Begin PBXBuildFile section */
		FC1A3DEF18301CE2003CC8E7 /* Foundation.framework in Frameworks */ = {isa = PBXBuildFile; fileRef = FC1A3DEE18301CE2003CC8E7 /* Foundation.framework */; };
		FC1A3DF118301CE2003CC8E7 /* CoreGraphics.framework in Frameworks */ = {isa = PBXBuildFile; fileRef = FC1A3DF018301CE2003CC8E7 /* CoreGraphics.framework */; };
		FC1A3DF318301CE2003CC8E7 /* UIKit.framework in Frameworks */ = {isa = PBXBuildFile; fileRef = FC1A3DF218301CE2003CC8E7 /* UIKit.framework */; };
		FC1A3DF518301CE2003CC8E7 /* CoreData.framework in Frameworks */ = {isa = PBXBuildFile; fileRef = FC1A3DF418301CE2003CC8E7 /* CoreData.framework */; };
		FC1A3DFB18301CE2003CC8E7 /* InfoPlist.strings in Resources */ = {isa = PBXBuildFile; fileRef = FC1A3DF918301CE2003CC8E7 /* InfoPlist.strings */; };
		FC1A3DFD18301CE2003CC8E7 /* main.m in Sources */ = {isa = PBXBuildFile; fileRef = FC1A3DFC18301CE2003CC8E7 /* main.m */; };
		FC1A3E0118301CE2003CC8E7 /* StepAppDelegate.m in Sources */ = {isa = PBXBuildFile; fileRef = FC1A3E0018301CE2003CC8E7 /* StepAppDelegate.m */; };
		FC1A3E0418301CE2003CC8E7 /* Main.storyboard in Resources */ = {isa = PBXBuildFile; fileRef = FC1A3E0218301CE2003CC8E7 /* Main.storyboard */; };
		FC1A3E0718301CE2003CC8E7 /* Step.xcdatamodeld in Sources */ = {isa = PBXBuildFile; fileRef = FC1A3E0518301CE2003CC8E7 /* Step.xcdatamodeld */; };
		FC1A3E0A18301CE2003CC8E7 /* StepMasterViewController.m in Sources */ = {isa = PBXBuildFile; fileRef = FC1A3E0918301CE2003CC8E7 /* StepMasterViewController.m */; };
		FC1A3E0D18301CE2003CC8E7 /* StepDetailViewController.m in Sources */ = {isa = PBXBuildFile; fileRef = FC1A3E0C18301CE2003CC8E7 /* StepDetailViewController.m */; };
		FC1A3E0F18301CE2003CC8E7 /* Images.xcassets in Resources */ = {isa = PBXBuildFile; fileRef = FC1A3E0E18301CE2003CC8E7 /* Images.xcassets */; };
		FC1A3E1618301CE2003CC8E7 /* XCTest.framework in Frameworks */ = {isa = PBXBuildFile; fileRef = FC1A3E1518301CE2003CC8E7 /* XCTest.framework */; };
		FC1A3E1718301CE2003CC8E7 /* Foundation.framework in Frameworks */ = {isa = PBXBuildFile; fileRef = FC1A3DEE18301CE2003CC8E7 /* Foundation.framework */; };
		FC1A3E1818301CE2003CC8E7 /* UIKit.framework in Frameworks */ = {isa = PBXBuildFile; fileRef = FC1A3DF218301CE2003CC8E7 /* UIKit.framework */; };
		FC1A3E1918301CE2003CC8E7 /* CoreData.framework in Frameworks */ = {isa = PBXBuildFile; fileRef = FC1A3DF418301CE2003CC8E7 /* CoreData.framework */; };
		FC1A3E2118301CE2003CC8E7 /* InfoPlist.strings in Resources */ = {isa = PBXBuildFile; fileRef = FC1A3E1F18301CE2003CC8E7 /* InfoPlist.strings */; };
		FC1A3E2318301CE2003CC8E7 /* StepTests.m in Sources */ = {isa = PBXBuildFile; fileRef = FC1A3E2218301CE2003CC8E7 /* StepTests.m */; };
		FC1A3E371830BA28003CC8E7 /* StepCell.m in Sources */ = {isa = PBXBuildFile; fileRef = FC1A3E361830BA28003CC8E7 /* StepCell.m */; };
		FC1A3E3A1830BA31003CC8E7 /* GoalCell.m in Sources */ = {isa = PBXBuildFile; fileRef = FC1A3E391830BA31003CC8E7 /* GoalCell.m */; };
		FC1A3E3D1830D1E1003CC8E7 /* Goal.m in Sources */ = {isa = PBXBuildFile; fileRef = FC1A3E3C1830D1E1003CC8E7 /* Goal.m */; };
		FC1A3E401830D1E2003CC8E7 /* Step.m in Sources */ = {isa = PBXBuildFile; fileRef = FC1A3E3F1830D1E2003CC8E7 /* Step.m */; };
		FC1A3E4318316495003CC8E7 /* UIColor+RaftColors.m in Sources */ = {isa = PBXBuildFile; fileRef = FC1A3E4218316495003CC8E7 /* UIColor+RaftColors.m */; };
/* End PBXBuildFile section */

/* Begin PBXContainerItemProxy section */
		FC1A3E1A18301CE2003CC8E7 /* PBXContainerItemProxy */ = {
			isa = PBXContainerItemProxy;
			containerPortal = FC1A3DE318301CE2003CC8E7 /* Project object */;
			proxyType = 1;
			remoteGlobalIDString = FC1A3DEA18301CE2003CC8E7;
			remoteInfo = Step;
		};
/* End PBXContainerItemProxy section */

/* Begin PBXFileReference section */
		FC1A3DEB18301CE2003CC8E7 /* Step.app */ = {isa = PBXFileReference; explicitFileType = wrapper.application; includeInIndex = 0; path = Step.app; sourceTree = BUILT_PRODUCTS_DIR; };
		FC1A3DEE18301CE2003CC8E7 /* Foundation.framework */ = {isa = PBXFileReference; lastKnownFileType = wrapper.framework; name = Foundation.framework; path = System/Library/Frameworks/Foundation.framework; sourceTree = SDKROOT; };
		FC1A3DF018301CE2003CC8E7 /* CoreGraphics.framework */ = {isa = PBXFileReference; lastKnownFileType = wrapper.framework; name = CoreGraphics.framework; path = System/Library/Frameworks/CoreGraphics.framework; sourceTree = SDKROOT; };
		FC1A3DF218301CE2003CC8E7 /* UIKit.framework */ = {isa = PBXFileReference; lastKnownFileType = wrapper.framework; name = UIKit.framework; path = System/Library/Frameworks/UIKit.framework; sourceTree = SDKROOT; };
		FC1A3DF418301CE2003CC8E7 /* CoreData.framework */ = {isa = PBXFileReference; lastKnownFileType = wrapper.framework; name = CoreData.framework; path = System/Library/Frameworks/CoreData.framework; sourceTree = SDKROOT; };
		FC1A3DF818301CE2003CC8E7 /* Step-Info.plist */ = {isa = PBXFileReference; lastKnownFileType = text.plist.xml; path = "Step-Info.plist"; sourceTree = "<group>"; };
		FC1A3DFA18301CE2003CC8E7 /* en */ = {isa = PBXFileReference; lastKnownFileType = text.plist.strings; name = en; path = en.lproj/InfoPlist.strings; sourceTree = "<group>"; };
		FC1A3DFC18301CE2003CC8E7 /* main.m */ = {isa = PBXFileReference; lastKnownFileType = sourcecode.c.objc; path = main.m; sourceTree = "<group>"; };
		FC1A3DFE18301CE2003CC8E7 /* Step-Prefix.pch */ = {isa = PBXFileReference; lastKnownFileType = sourcecode.c.h; path = "Step-Prefix.pch"; sourceTree = "<group>"; };
		FC1A3DFF18301CE2003CC8E7 /* StepAppDelegate.h */ = {isa = PBXFileReference; lastKnownFileType = sourcecode.c.h; path = StepAppDelegate.h; sourceTree = "<group>"; };
		FC1A3E0018301CE2003CC8E7 /* StepAppDelegate.m */ = {isa = PBXFileReference; lastKnownFileType = sourcecode.c.objc; path = StepAppDelegate.m; sourceTree = "<group>"; };
		FC1A3E0318301CE2003CC8E7 /* Base */ = {isa = PBXFileReference; lastKnownFileType = file.storyboard; name = Base; path = Base.lproj/Main.storyboard; sourceTree = "<group>"; };
		FC1A3E0618301CE2003CC8E7 /* Step.xcdatamodel */ = {isa = PBXFileReference; lastKnownFileType = wrapper.xcdatamodel; path = Step.xcdatamodel; sourceTree = "<group>"; };
		FC1A3E0818301CE2003CC8E7 /* StepMasterViewController.h */ = {isa = PBXFileReference; lastKnownFileType = sourcecode.c.h; path = StepMasterViewController.h; sourceTree = "<group>"; };
		FC1A3E0918301CE2003CC8E7 /* StepMasterViewController.m */ = {isa = PBXFileReference; lastKnownFileType = sourcecode.c.objc; path = StepMasterViewController.m; sourceTree = "<group>"; };
		FC1A3E0B18301CE2003CC8E7 /* StepDetailViewController.h */ = {isa = PBXFileReference; lastKnownFileType = sourcecode.c.h; path = StepDetailViewController.h; sourceTree = "<group>"; };
		FC1A3E0C18301CE2003CC8E7 /* StepDetailViewController.m */ = {isa = PBXFileReference; lastKnownFileType = sourcecode.c.objc; path = StepDetailViewController.m; sourceTree = "<group>"; };
		FC1A3E0E18301CE2003CC8E7 /* Images.xcassets */ = {isa = PBXFileReference; lastKnownFileType = folder.assetcatalog; path = Images.xcassets; sourceTree = "<group>"; };
		FC1A3E1418301CE2003CC8E7 /* StepTests.xctest */ = {isa = PBXFileReference; explicitFileType = wrapper.cfbundle; includeInIndex = 0; path = StepTests.xctest; sourceTree = BUILT_PRODUCTS_DIR; };
		FC1A3E1518301CE2003CC8E7 /* XCTest.framework */ = {isa = PBXFileReference; lastKnownFileType = wrapper.framework; name = XCTest.framework; path = Library/Frameworks/XCTest.framework; sourceTree = DEVELOPER_DIR; };
		FC1A3E1E18301CE2003CC8E7 /* StepTests-Info.plist */ = {isa = PBXFileReference; lastKnownFileType = text.plist.xml; path = "StepTests-Info.plist"; sourceTree = "<group>"; };
		FC1A3E2018301CE2003CC8E7 /* en */ = {isa = PBXFileReference; lastKnownFileType = text.plist.strings; name = en; path = en.lproj/InfoPlist.strings; sourceTree = "<group>"; };
		FC1A3E2218301CE2003CC8E7 /* StepTests.m */ = {isa = PBXFileReference; lastKnownFileType = sourcecode.c.objc; path = StepTests.m; sourceTree = "<group>"; };
		FC1A3E351830BA28003CC8E7 /* StepCell.h */ = {isa = PBXFileReference; fileEncoding = 4; lastKnownFileType = sourcecode.c.h; path = StepCell.h; sourceTree = "<group>"; };
		FC1A3E361830BA28003CC8E7 /* StepCell.m */ = {isa = PBXFileReference; fileEncoding = 4; lastKnownFileType = sourcecode.c.objc; path = StepCell.m; sourceTree = "<group>"; };
		FC1A3E381830BA31003CC8E7 /* GoalCell.h */ = {isa = PBXFileReference; fileEncoding = 4; lastKnownFileType = sourcecode.c.h; path = GoalCell.h; sourceTree = "<group>"; };
		FC1A3E391830BA31003CC8E7 /* GoalCell.m */ = {isa = PBXFileReference; fileEncoding = 4; lastKnownFileType = sourcecode.c.objc; path = GoalCell.m; sourceTree = "<group>"; };
		FC1A3E3B1830D1E1003CC8E7 /* Goal.h */ = {isa = PBXFileReference; fileEncoding = 4; lastKnownFileType = sourcecode.c.h; path = Goal.h; sourceTree = "<group>"; };
		FC1A3E3C1830D1E1003CC8E7 /* Goal.m */ = {isa = PBXFileReference; fileEncoding = 4; lastKnownFileType = sourcecode.c.objc; path = Goal.m; sourceTree = "<group>"; };
		FC1A3E3E1830D1E2003CC8E7 /* Step.h */ = {isa = PBXFileReference; fileEncoding = 4; lastKnownFileType = sourcecode.c.h; path = Step.h; sourceTree = "<group>"; };
		FC1A3E3F1830D1E2003CC8E7 /* Step.m */ = {isa = PBXFileReference; fileEncoding = 4; lastKnownFileType = sourcecode.c.objc; path = Step.m; sourceTree = "<group>"; };
		FC1A3E4118316495003CC8E7 /* UIColor+RaftColors.h */ = {isa = PBXFileReference; fileEncoding = 4; lastKnownFileType = sourcecode.c.h; path = "UIColor+RaftColors.h"; sourceTree = "<group>"; };
		FC1A3E4218316495003CC8E7 /* UIColor+RaftColors.m */ = {isa = PBXFileReference; fileEncoding = 4; lastKnownFileType = sourcecode.c.objc; path = "UIColor+RaftColors.m"; sourceTree = "<group>"; };
/* End PBXFileReference section */

/* Begin PBXFrameworksBuildPhase section */
		FC1A3DE818301CE2003CC8E7 /* Frameworks */ = {
			isa = PBXFrameworksBuildPhase;
			buildActionMask = 2147483647;
			files = (
				FC1A3DF118301CE2003CC8E7 /* CoreGraphics.framework in Frameworks */,
				FC1A3DF518301CE2003CC8E7 /* CoreData.framework in Frameworks */,
				FC1A3DF318301CE2003CC8E7 /* UIKit.framework in Frameworks */,
				FC1A3DEF18301CE2003CC8E7 /* Foundation.framework in Frameworks */,
			);
			runOnlyForDeploymentPostprocessing = 0;
		};
		FC1A3E1118301CE2003CC8E7 /* Frameworks */ = {
			isa = PBXFrameworksBuildPhase;
			buildActionMask = 2147483647;
			files = (
				FC1A3E1618301CE2003CC8E7 /* XCTest.framework in Frameworks */,
				FC1A3E1918301CE2003CC8E7 /* CoreData.framework in Frameworks */,
				FC1A3E1818301CE2003CC8E7 /* UIKit.framework in Frameworks */,
				FC1A3E1718301CE2003CC8E7 /* Foundation.framework in Frameworks */,
			);
			runOnlyForDeploymentPostprocessing = 0;
		};
/* End PBXFrameworksBuildPhase section */

/* Begin PBXGroup section */
		FC1A3DE218301CE2003CC8E7 = {
			isa = PBXGroup;
			children = (
				FC1A3DF618301CE2003CC8E7 /* Step */,
				FC1A3E1C18301CE2003CC8E7 /* StepTests */,
				FC1A3DED18301CE2003CC8E7 /* Frameworks */,
				FC1A3DEC18301CE2003CC8E7 /* Products */,
			);
			sourceTree = "<group>";
		};
		FC1A3DEC18301CE2003CC8E7 /* Products */ = {
			isa = PBXGroup;
			children = (
				FC1A3DEB18301CE2003CC8E7 /* Step.app */,
				FC1A3E1418301CE2003CC8E7 /* StepTests.xctest */,
			);
			name = Products;
			sourceTree = "<group>";
		};
		FC1A3DED18301CE2003CC8E7 /* Frameworks */ = {
			isa = PBXGroup;
			children = (
				FC1A3DEE18301CE2003CC8E7 /* Foundation.framework */,
				FC1A3DF018301CE2003CC8E7 /* CoreGraphics.framework */,
				FC1A3DF218301CE2003CC8E7 /* UIKit.framework */,
				FC1A3DF418301CE2003CC8E7 /* CoreData.framework */,
				FC1A3E1518301CE2003CC8E7 /* XCTest.framework */,
			);
			name = Frameworks;
			sourceTree = "<group>";
		};
		FC1A3DF618301CE2003CC8E7 /* Step */ = {
			isa = PBXGroup;
			children = (
				FC1A3DFF18301CE2003CC8E7 /* StepAppDelegate.h */,
				FC1A3E0018301CE2003CC8E7 /* StepAppDelegate.m */,
				FC1A3E0218301CE2003CC8E7 /* Main.storyboard */,
				FC1A3E0818301CE2003CC8E7 /* StepMasterViewController.h */,
				FC1A3E0918301CE2003CC8E7 /* StepMasterViewController.m */,
				FC1A3E0B18301CE2003CC8E7 /* StepDetailViewController.h */,
				FC1A3E0C18301CE2003CC8E7 /* StepDetailViewController.m */,
				FC1A3E351830BA28003CC8E7 /* StepCell.h */,
				FC1A3E361830BA28003CC8E7 /* StepCell.m */,
				FC1A3E381830BA31003CC8E7 /* GoalCell.h */,
				FC1A3E391830BA31003CC8E7 /* GoalCell.m */,
				FC1A3E0E18301CE2003CC8E7 /* Images.xcassets */,
				FC1A3E4118316495003CC8E7 /* UIColor+RaftColors.h */,
				FC1A3E4218316495003CC8E7 /* UIColor+RaftColors.m */,
				FC1A3E0518301CE2003CC8E7 /* Step.xcdatamodeld */,
				FC1A3E3E1830D1E2003CC8E7 /* Step.h */,
				FC1A3E3F1830D1E2003CC8E7 /* Step.m */,
				FC1A3E3B1830D1E1003CC8E7 /* Goal.h */,
				FC1A3E3C1830D1E1003CC8E7 /* Goal.m */,
				FC1A3DF718301CE2003CC8E7 /* Supporting Files */,
			);
			path = Step;
			sourceTree = "<group>";
		};
		FC1A3DF718301CE2003CC8E7 /* Supporting Files */ = {
			isa = PBXGroup;
			children = (
				FC1A3DF818301CE2003CC8E7 /* Step-Info.plist */,
				FC1A3DF918301CE2003CC8E7 /* InfoPlist.strings */,
				FC1A3DFC18301CE2003CC8E7 /* main.m */,
				FC1A3DFE18301CE2003CC8E7 /* Step-Prefix.pch */,
			);
			name = "Supporting Files";
			sourceTree = "<group>";
		};
		FC1A3E1C18301CE2003CC8E7 /* StepTests */ = {
			isa = PBXGroup;
			children = (
				FC1A3E2218301CE2003CC8E7 /* StepTests.m */,
				FC1A3E1D18301CE2003CC8E7 /* Supporting Files */,
			);
			path = StepTests;
			sourceTree = "<group>";
		};
		FC1A3E1D18301CE2003CC8E7 /* Supporting Files */ = {
			isa = PBXGroup;
			children = (
				FC1A3E1E18301CE2003CC8E7 /* StepTests-Info.plist */,
				FC1A3E1F18301CE2003CC8E7 /* InfoPlist.strings */,
			);
			name = "Supporting Files";
			sourceTree = "<group>";
		};
/* End PBXGroup section */

/* Begin PBXNativeTarget section */
		FC1A3DEA18301CE2003CC8E7 /* Step */ = {
			isa = PBXNativeTarget;
			buildConfigurationList = FC1A3E2618301CE2003CC8E7 /* Build configuration list for PBXNativeTarget "Step" */;
			buildPhases = (
				FC1A3DE718301CE2003CC8E7 /* Sources */,
				FC1A3DE818301CE2003CC8E7 /* Frameworks */,
				FC1A3DE918301CE2003CC8E7 /* Resources */,
			);
			buildRules = (
			);
			dependencies = (
			);
			name = Step;
			productName = Step;
			productReference = FC1A3DEB18301CE2003CC8E7 /* Step.app */;
			productType = "com.apple.product-type.application";
		};
		FC1A3E1318301CE2003CC8E7 /* StepTests */ = {
			isa = PBXNativeTarget;
			buildConfigurationList = FC1A3E2918301CE2003CC8E7 /* Build configuration list for PBXNativeTarget "StepTests" */;
			buildPhases = (
				FC1A3E1018301CE2003CC8E7 /* Sources */,
				FC1A3E1118301CE2003CC8E7 /* Frameworks */,
				FC1A3E1218301CE2003CC8E7 /* Resources */,
			);
			buildRules = (
			);
			dependencies = (
				FC1A3E1B18301CE2003CC8E7 /* PBXTargetDependency */,
			);
			name = StepTests;
			productName = StepTests;
			productReference = FC1A3E1418301CE2003CC8E7 /* StepTests.xctest */;
			productType = "com.apple.product-type.bundle.unit-test";
		};
/* End PBXNativeTarget section */

/* Begin PBXProject section */
		FC1A3DE318301CE2003CC8E7 /* Project object */ = {
			isa = PBXProject;
			attributes = {
				CLASSPREFIX = Step;
				LastUpgradeCheck = 0500;
				ORGANIZATIONNAME = "Dylan Moore";
				TargetAttributes = {
					FC1A3E1318301CE2003CC8E7 = {
						TestTargetID = FC1A3DEA18301CE2003CC8E7;
					};
				};
			};
			buildConfigurationList = FC1A3DE618301CE2003CC8E7 /* Build configuration list for PBXProject "Step" */;
			compatibilityVersion = "Xcode 3.2";
			developmentRegion = English;
			hasScannedForEncodings = 0;
			knownRegions = (
				en,
				Base,
			);
			mainGroup = FC1A3DE218301CE2003CC8E7;
			productRefGroup = FC1A3DEC18301CE2003CC8E7 /* Products */;
			projectDirPath = "";
			projectRoot = "";
			targets = (
				FC1A3DEA18301CE2003CC8E7 /* Step */,
				FC1A3E1318301CE2003CC8E7 /* StepTests */,
			);
		};
/* End PBXProject section */

/* Begin PBXResourcesBuildPhase section */
		FC1A3DE918301CE2003CC8E7 /* Resources */ = {
			isa = PBXResourcesBuildPhase;
			buildActionMask = 2147483647;
			files = (
				FC1A3E0F18301CE2003CC8E7 /* Images.xcassets in Resources */,
				FC1A3DFB18301CE2003CC8E7 /* InfoPlist.strings in Resources */,
				FC1A3E0418301CE2003CC8E7 /* Main.storyboard in Resources */,
			);
			runOnlyForDeploymentPostprocessing = 0;
		};
		FC1A3E1218301CE2003CC8E7 /* Resources */ = {
			isa = PBXResourcesBuildPhase;
			buildActionMask = 2147483647;
			files = (
				FC1A3E2118301CE2003CC8E7 /* InfoPlist.strings in Resources */,
			);
			runOnlyForDeploymentPostprocessing = 0;
		};
/* End PBXResourcesBuildPhase section */

/* Begin PBXSourcesBuildPhase section */
		FC1A3DE718301CE2003CC8E7 /* Sources */ = {
			isa = PBXSourcesBuildPhase;
			buildActionMask = 2147483647;
			files = (
				FC1A3E3D1830D1E1003CC8E7 /* Goal.m in Sources */,
				FC1A3E401830D1E2003CC8E7 /* Step.m in Sources */,
				FC1A3E4318316495003CC8E7 /* UIColor+RaftColors.m in Sources */,
				FC1A3E0A18301CE2003CC8E7 /* StepMasterViewController.m in Sources */,
				FC1A3E371830BA28003CC8E7 /* StepCell.m in Sources */,
				FC1A3E0118301CE2003CC8E7 /* StepAppDelegate.m in Sources */,
				FC1A3DFD18301CE2003CC8E7 /* main.m in Sources */,
				FC1A3E0D18301CE2003CC8E7 /* StepDetailViewController.m in Sources */,
				FC1A3E3A1830BA31003CC8E7 /* GoalCell.m in Sources */,
				FC1A3E0718301CE2003CC8E7 /* Step.xcdatamodeld in Sources */,
			);
			runOnlyForDeploymentPostprocessing = 0;
		};
		FC1A3E1018301CE2003CC8E7 /* Sources */ = {
			isa = PBXSourcesBuildPhase;
			buildActionMask = 2147483647;
			files = (
				FC1A3E2318301CE2003CC8E7 /* StepTests.m in Sources */,
			);
			runOnlyForDeploymentPostprocessing = 0;
		};
/* End PBXSourcesBuildPhase section */

/* Begin PBXTargetDependency section */
		FC1A3E1B18301CE2003CC8E7 /* PBXTargetDependency */ = {
			isa = PBXTargetDependency;
			target = FC1A3DEA18301CE2003CC8E7 /* Step */;
			targetProxy = FC1A3E1A18301CE2003CC8E7 /* PBXContainerItemProxy */;
		};
/* End PBXTargetDependency section */

/* Begin PBXVariantGroup section */
		FC1A3DF918301CE2003CC8E7 /* InfoPlist.strings */ = {
			isa = PBXVariantGroup;
			children = (
				FC1A3DFA18301CE2003CC8E7 /* en */,
			);
			name = InfoPlist.strings;
			sourceTree = "<group>";
		};
		FC1A3E0218301CE2003CC8E7 /* Main.storyboard */ = {
			isa = PBXVariantGroup;
			children = (
				FC1A3E0318301CE2003CC8E7 /* Base */,
			);
			name = Main.storyboard;
			sourceTree = "<group>";
		};
		FC1A3E1F18301CE2003CC8E7 /* InfoPlist.strings */ = {
			isa = PBXVariantGroup;
			children = (
				FC1A3E2018301CE2003CC8E7 /* en */,
			);
			name = InfoPlist.strings;
			sourceTree = "<group>";
		};
/* End PBXVariantGroup section */

/* Begin XCBuildConfiguration section */
		FC1A3E2418301CE2003CC8E7 /* Debug */ = {
			isa = XCBuildConfiguration;
			buildSettings = {
				ALWAYS_SEARCH_USER_PATHS = NO;
				ARCHS = "$(ARCHS_STANDARD_INCLUDING_64_BIT)";
				CLANG_CXX_LANGUAGE_STANDARD = "gnu++0x";
				CLANG_CXX_LIBRARY = "libc++";
				CLANG_ENABLE_MODULES = YES;
				CLANG_ENABLE_OBJC_ARC = YES;
				CLANG_WARN_BOOL_CONVERSION = YES;
				CLANG_WARN_CONSTANT_CONVERSION = YES;
				CLANG_WARN_DIRECT_OBJC_ISA_USAGE = YES_ERROR;
				CLANG_WARN_EMPTY_BODY = YES;
				CLANG_WARN_ENUM_CONVERSION = YES;
				CLANG_WARN_INT_CONVERSION = YES;
				CLANG_WARN_OBJC_ROOT_CLASS = YES_ERROR;
				CLANG_WARN__DUPLICATE_METHOD_MATCH = YES;
				"CODE_SIGN_IDENTITY[sdk=iphoneos*]" = "iPhone Developer";
				COPY_PHASE_STRIP = NO;
				GCC_C_LANGUAGE_STANDARD = gnu99;
				GCC_DYNAMIC_NO_PIC = NO;
				GCC_OPTIMIZATION_LEVEL = 0;
				GCC_PREPROCESSOR_DEFINITIONS = (
					"DEBUG=1",
					"$(inherited)",
				);
				GCC_SYMBOLS_PRIVATE_EXTERN = NO;
				GCC_WARN_64_TO_32_BIT_CONVERSION = YES;
				GCC_WARN_ABOUT_RETURN_TYPE = YES_ERROR;
				GCC_WARN_UNDECLARED_SELECTOR = YES;
				GCC_WARN_UNINITIALIZED_AUTOS = YES;
				GCC_WARN_UNUSED_FUNCTION = YES;
				GCC_WARN_UNUSED_VARIABLE = YES;
				IPHONEOS_DEPLOYMENT_TARGET = 7.0;
				ONLY_ACTIVE_ARCH = YES;
				SDKROOT = iphoneos;
			};
			name = Debug;
		};
		FC1A3E2518301CE2003CC8E7 /* Release */ = {
			isa = XCBuildConfiguration;
			buildSettings = {
				ALWAYS_SEARCH_USER_PATHS = NO;
				ARCHS = "$(ARCHS_STANDARD_INCLUDING_64_BIT)";
				CLANG_CXX_LANGUAGE_STANDARD = "gnu++0x";
				CLANG_CXX_LIBRARY = "libc++";
				CLANG_ENABLE_MODULES = YES;
				CLANG_ENABLE_OBJC_ARC = YES;
				CLANG_WARN_BOOL_CONVERSION = YES;
				CLANG_WARN_CONSTANT_CONVERSION = YES;
				CLANG_WARN_DIRECT_OBJC_ISA_USAGE = YES_ERROR;
				CLANG_WARN_EMPTY_BODY = YES;
				CLANG_WARN_ENUM_CONVERSION = YES;
				CLANG_WARN_INT_CONVERSION = YES;
				CLANG_WARN_OBJC_ROOT_CLASS = YES_ERROR;
				CLANG_WARN__DUPLICATE_METHOD_MATCH = YES;
				"CODE_SIGN_IDENTITY[sdk=iphoneos*]" = "iPhone Developer";
				COPY_PHASE_STRIP = YES;
				ENABLE_NS_ASSERTIONS = NO;
				GCC_C_LANGUAGE_STANDARD = gnu99;
				GCC_WARN_64_TO_32_BIT_CONVERSION = YES;
				GCC_WARN_ABOUT_RETURN_TYPE = YES_ERROR;
				GCC_WARN_UNDECLARED_SELECTOR = YES;
				GCC_WARN_UNINITIALIZED_AUTOS = YES;
				GCC_WARN_UNUSED_FUNCTION = YES;
				GCC_WARN_UNUSED_VARIABLE = YES;
				IPHONEOS_DEPLOYMENT_TARGET = 7.0;
				SDKROOT = iphoneos;
				VALIDATE_PRODUCT = YES;
			};
			name = Release;
		};
		FC1A3E2718301CE2003CC8E7 /* Debug */ = {
			isa = XCBuildConfiguration;
			buildSettings = {
				ASSETCATALOG_COMPILER_APPICON_NAME = AppIcon;
				ASSETCATALOG_COMPILER_LAUNCHIMAGE_NAME = LaunchImage;
				GCC_PRECOMPILE_PREFIX_HEADER = YES;
				GCC_PREFIX_HEADER = "Step/Step-Prefix.pch";
				INFOPLIST_FILE = "Step/Step-Info.plist";
				PRODUCT_NAME = "$(TARGET_NAME)";
				WRAPPER_EXTENSION = app;
			};
			name = Debug;
		};
		FC1A3E2818301CE2003CC8E7 /* Release */ = {
			isa = XCBuildConfiguration;
			buildSettings = {
				ASSETCATALOG_COMPILER_APPICON_NAME = AppIcon;
				ASSETCATALOG_COMPILER_LAUNCHIMAGE_NAME = LaunchImage;
				GCC_PRECOMPILE_PREFIX_HEADER = YES;
				GCC_PREFIX_HEADER = "Step/Step-Prefix.pch";
				INFOPLIST_FILE = "Step/Step-Info.plist";
				PRODUCT_NAME = "$(TARGET_NAME)";
				WRAPPER_EXTENSION = app;
			};
			name = Release;
		};
		FC1A3E2A18301CE2003CC8E7 /* Debug */ = {
			isa = XCBuildConfiguration;
			buildSettings = {
				ARCHS = "$(ARCHS_STANDARD_INCLUDING_64_BIT)";
				BUNDLE_LOADER = "$(BUILT_PRODUCTS_DIR)/Step.app/Step";
				FRAMEWORK_SEARCH_PATHS = (
					"$(SDKROOT)/Developer/Library/Frameworks",
					"$(inherited)",
					"$(DEVELOPER_FRAMEWORKS_DIR)",
				);
				GCC_PRECOMPILE_PREFIX_HEADER = YES;
				GCC_PREFIX_HEADER = "Step/Step-Prefix.pch";
				GCC_PREPROCESSOR_DEFINITIONS = (
					"DEBUG=1",
					"$(inherited)",
				);
				INFOPLIST_FILE = "StepTests/StepTests-Info.plist";
				PRODUCT_NAME = "$(TARGET_NAME)";
				TEST_HOST = "$(BUNDLE_LOADER)";
				WRAPPER_EXTENSION = xctest;
			};
			name = Debug;
		};
		FC1A3E2B18301CE2003CC8E7 /* Release */ = {
			isa = XCBuildConfiguration;
			buildSettings = {
				ARCHS = "$(ARCHS_STANDARD_INCLUDING_64_BIT)";
				BUNDLE_LOADER = "$(BUILT_PRODUCTS_DIR)/Step.app/Step";
				FRAMEWORK_SEARCH_PATHS = (
					"$(SDKROOT)/Developer/Library/Frameworks",
					"$(inherited)",
					"$(DEVELOPER_FRAMEWORKS_DIR)",
				);
				GCC_PRECOMPILE_PREFIX_HEADER = YES;
				GCC_PREFIX_HEADER = "Step/Step-Prefix.pch";
				INFOPLIST_FILE = "StepTests/StepTests-Info.plist";
				PRODUCT_NAME = "$(TARGET_NAME)";
				TEST_HOST = "$(BUNDLE_LOADER)";
				WRAPPER_EXTENSION = xctest;
			};
			name = Release;
		};
/* End XCBuildConfiguration section */

/* Begin XCConfigurationList section */
		FC1A3DE618301CE2003CC8E7 /* Build configuration list for PBXProject "Step" */ = {
			isa = XCConfigurationList;
			buildConfigurations = (
				FC1A3E2418301CE2003CC8E7 /* Debug */,
				FC1A3E2518301CE2003CC8E7 /* Release */,
			);
			defaultConfigurationIsVisible = 0;
			defaultConfigurationName = Release;
		};
		FC1A3E2618301CE2003CC8E7 /* Build configuration list for PBXNativeTarget "Step" */ = {
			isa = XCConfigurationList;
			buildConfigurations = (
				FC1A3E2718301CE2003CC8E7 /* Debug */,
				FC1A3E2818301CE2003CC8E7 /* Release */,
			);
			defaultConfigurationIsVisible = 0;
		};
		FC1A3E2918301CE2003CC8E7 /* Build configuration list for PBXNativeTarget "StepTests" */ = {
			isa = XCConfigurationList;
			buildConfigurations = (
				FC1A3E2A18301CE2003CC8E7 /* Debug */,
				FC1A3E2B18301CE2003CC8E7 /* Release */,
			);
			defaultConfigurationIsVisible = 0;
		};
/* End XCConfigurationList section */

/* Begin XCVersionGroup section */
		FC1A3E0518301CE2003CC8E7 /* Step.xcdatamodeld */ = {
			isa = XCVersionGroup;
			children = (
				FC1A3E0618301CE2003CC8E7 /* Step.xcdatamodel */,
			);
			currentVersion = FC1A3E0618301CE2003CC8E7 /* Step.xcdatamodel */;
			path = Step.xcdatamodeld;
			sourceTree = "<group>";
			versionGroupType = wrapper.xcdatamodel;
		};
/* End XCVersionGroup section */
	};
	rootObject = FC1A3DE318301CE2003CC8E7 /* Project object */;
}
